
Microsoft Visual Studio Solution File, Format Version 12.00
# Visual Studio Version 16
VisualStudioVersion = 16.0.31321.278
MinimumVisualStudioVersion = 10.0.40219.1
Project("{9A19103F-16F7-4668-BE54-9A1E7A4F7556}") = "Testing", "Testing\Testing.csproj", "{A24C18C7-9B53-4B94-A558-34A4F8F4BBB5}"
EndProject
Project("{9A19103F-16F7-4668-BE54-9A1E7A4F7556}") = "Core", "Excercise\Core.csproj", "{D786A3D3-118D-48F0-AD23-7ED1C6AEF0B2}"
EndProject
Global
	GlobalSection(SolutionConfigurationPlatforms) = preSolution
		Debug|Any CPU = Debug|Any CPU
		Release|Any CPU = Release|Any CPU
	EndGlobalSection
	GlobalSection(ProjectConfigurationPlatforms) = postSolution
		{A24C18C7-9B53-4B94-A558-34A4F8F4BBB5}.Debug|Any CPU.ActiveCfg = Debug|Any CPU
		{A24C18C7-9B53-4B94-A558-34A4F8F4BBB5}.Debug|Any CPU.Build.0 = Debug|Any CPU
		{A24C18C7-9B53-4B94-A558-34A4F8F4BBB5}.Release|Any CPU.ActiveCfg = Release|Any CPU
		{A24C18C7-9B53-4B94-A558-34A4F8F4BBB5}.Release|Any CPU.Build.0 = Release|Any CPU
		{D786A3D3-118D-48F0-AD23-7ED1C6AEF0B2}.Debug|Any CPU.ActiveCfg = Debug|Any CPU
		{D786A3D3-118D-48F0-AD23-7ED1C6AEF0B2}.Debug|Any CPU.Build.0 = Debug|Any CPU
		{D786A3D3-118D-48F0-AD23-7ED1C6AEF0B2}.Release|Any CPU.ActiveCfg = Release|Any CPU
		{D786A3D3-118D-48F0-AD23-7ED1C6AEF0B2}.Release|Any CPU.Build.0 = Release|Any CPU
	EndGlobalSection
	GlobalSection(SolutionProperties) = preSolution
		HideSolutionNode = FALSE
	EndGlobalSection
	GlobalSection(ExtensibilityGlobals) = postSolution
		SolutionGuid = {82409445-34EB-4108-B787-84931A7CF842}
	EndGlobalSection
EndGlobal
